// !$*UTF8*$!
{
	archiveVersion = 1;
	classes = {
	};
	objectVersion = 50;
	objects = {

/* Begin PBXBuildFile section */
		4A87CA88257FE40D00E5231B /* LearnView.swift in Sources */ = {isa = PBXBuildFile; fileRef = 4A87CA87257FE40D00E5231B /* LearnView.swift */; };
		4AA5D1F3257EC7A000D69F8F /* SettingsView.swift in Sources */ = {isa = PBXBuildFile; fileRef = 4AA5D1F2257EC7A000D69F8F /* SettingsView.swift */; };
		4AA87BEB257D40D500027348 /* CardMateApp.swift in Sources */ = {isa = PBXBuildFile; fileRef = 4AA87BEA257D40D500027348 /* CardMateApp.swift */; };
		4AA87BED257D40D500027348 /* ContentView.swift in Sources */ = {isa = PBXBuildFile; fileRef = 4AA87BEC257D40D500027348 /* ContentView.swift */; };
		4AA87BEF257D40D600027348 /* Assets.xcassets in Resources */ = {isa = PBXBuildFile; fileRef = 4AA87BEE257D40D600027348 /* Assets.xcassets */; };
		4AA87BF2257D40D600027348 /* Preview Assets.xcassets in Resources */ = {isa = PBXBuildFile; fileRef = 4AA87BF1257D40D600027348 /* Preview Assets.xcassets */; };
		4AA87BFB257D463300027348 /* WelcomeView.swift in Sources */ = {isa = PBXBuildFile; fileRef = 4AA87BFA257D463300027348 /* WelcomeView.swift */; };
		4AA87BFE257D645C00027348 /* Cards.swift in Sources */ = {isa = PBXBuildFile; fileRef = 4AA87BFD257D645C00027348 /* Cards.swift */; };
		4AA87C01257D90E400027348 /* NewSetView.swift in Sources */ = {isa = PBXBuildFile; fileRef = 4AA87C00257D90E400027348 /* NewSetView.swift */; };
		4ABD28A3257DD89600915D2B /* OpenSetView.swift in Sources */ = {isa = PBXBuildFile; fileRef = 4ABD28A2257DD89600915D2B /* OpenSetView.swift */; };
/* End PBXBuildFile section */

/* Begin PBXFileReference section */
		4A87CA87257FE40D00E5231B /* LearnView.swift */ = {isa = PBXFileReference; lastKnownFileType = sourcecode.swift; path = LearnView.swift; sourceTree = "<group>"; };
		4AA5D1F2257EC7A000D69F8F /* SettingsView.swift */ = {isa = PBXFileReference; lastKnownFileType = sourcecode.swift; path = SettingsView.swift; sourceTree = "<group>"; };
		4AA87BE7257D40D500027348 /* CardMate.app */ = {isa = PBXFileReference; explicitFileType = wrapper.application; includeInIndex = 0; path = CardMate.app; sourceTree = BUILT_PRODUCTS_DIR; };
		4AA87BEA257D40D500027348 /* CardMateApp.swift */ = {isa = PBXFileReference; lastKnownFileType = sourcecode.swift; path = CardMateApp.swift; sourceTree = "<group>"; };
		4AA87BEC257D40D500027348 /* ContentView.swift */ = {isa = PBXFileReference; lastKnownFileType = sourcecode.swift; path = ContentView.swift; sourceTree = "<group>"; };
		4AA87BEE257D40D600027348 /* Assets.xcassets */ = {isa = PBXFileReference; lastKnownFileType = folder.assetcatalog; path = Assets.xcassets; sourceTree = "<group>"; };
		4AA87BF1257D40D600027348 /* Preview Assets.xcassets */ = {isa = PBXFileReference; lastKnownFileType = folder.assetcatalog; path = "Preview Assets.xcassets"; sourceTree = "<group>"; };
		4AA87BF3257D40D600027348 /* Info.plist */ = {isa = PBXFileReference; lastKnownFileType = text.plist.xml; path = Info.plist; sourceTree = "<group>"; };
		4AA87BFA257D463300027348 /* WelcomeView.swift */ = {isa = PBXFileReference; lastKnownFileType = sourcecode.swift; path = WelcomeView.swift; sourceTree = "<group>"; };
		4AA87BFD257D645C00027348 /* Cards.swift */ = {isa = PBXFileReference; lastKnownFileType = sourcecode.swift; path = Cards.swift; sourceTree = "<group>"; };
		4AA87C00257D90E400027348 /* NewSetView.swift */ = {isa = PBXFileReference; lastKnownFileType = sourcecode.swift; path = NewSetView.swift; sourceTree = "<group>"; };
		4ABD28A2257DD89600915D2B /* OpenSetView.swift */ = {isa = PBXFileReference; lastKnownFileType = sourcecode.swift; path = OpenSetView.swift; sourceTree = "<group>"; };
/* End PBXFileReference section */

/* Begin PBXFrameworksBuildPhase section */
		4AA87BE4257D40D500027348 /* Frameworks */ = {
			isa = PBXFrameworksBuildPhase;
			buildActionMask = 2147483647;
			files = (
			);
			runOnlyForDeploymentPostprocessing = 0;
		};
/* End PBXFrameworksBuildPhase section */

/* Begin PBXGroup section */
		4AA87BDE257D40D500027348 = {
			isa = PBXGroup;
			children = (
				4AA87BE9257D40D500027348 /* CardMate */,
				4AA87BE8257D40D500027348 /* Products */,
			);
			sourceTree = "<group>";
		};
		4AA87BE8257D40D500027348 /* Products */ = {
			isa = PBXGroup;
			children = (
				4AA87BE7257D40D500027348 /* CardMate.app */,
			);
			name = Products;
			sourceTree = "<group>";
		};
		4AA87BE9257D40D500027348 /* CardMate */ = {
			isa = PBXGroup;
			children = (
				4AA87BEA257D40D500027348 /* CardMateApp.swift */,
				4AA87BEC257D40D500027348 /* ContentView.swift */,
				4ABD28A2257DD89600915D2B /* OpenSetView.swift */,
				4A87CA87257FE40D00E5231B /* LearnView.swift */,
				4AA87BFD257D645C00027348 /* Cards.swift */,
				4AA87BFA257D463300027348 /* WelcomeView.swift */,
				4AA87C00257D90E400027348 /* NewSetView.swift */,
				4AA5D1F2257EC7A000D69F8F /* SettingsView.swift */,
				4AA87BEE257D40D600027348 /* Assets.xcassets */,
				4AA87BF3257D40D600027348 /* Info.plist */,
				4AA87BF0257D40D600027348 /* Preview Content */,
			);
			path = CardMate;
			sourceTree = "<group>";
		};
		4AA87BF0257D40D600027348 /* Preview Content */ = {
			isa = PBXGroup;
			children = (
				4AA87BF1257D40D600027348 /* Preview Assets.xcassets */,
			);
			path = "Preview Content";
			sourceTree = "<group>";
		};
/* End PBXGroup section */

/* Begin PBXNativeTarget section */
		4AA87BE6257D40D500027348 /* CardMate */ = {
			isa = PBXNativeTarget;
			buildConfigurationList = 4AA87BF6257D40D600027348 /* Build configuration list for PBXNativeTarget "CardMate" */;
			buildPhases = (
				4AA87BE3257D40D500027348 /* Sources */,
				4AA87BE4257D40D500027348 /* Frameworks */,
				4AA87BE5257D40D500027348 /* Resources */,
			);
			buildRules = (
			);
			dependencies = (
			);
			name = CardMate;
			productName = CardMate;
			productReference = 4AA87BE7257D40D500027348 /* CardMate.app */;
			productType = "com.apple.product-type.application";
		};
/* End PBXNativeTarget section */

/* Begin PBXProject section */
		4AA87BDF257D40D500027348 /* Project object */ = {
			isa = PBXProject;
			attributes = {
				LastSwiftUpdateCheck = 1220;
				LastUpgradeCheck = 1220;
				TargetAttributes = {
					4AA87BE6257D40D500027348 = {
						CreatedOnToolsVersion = 12.2;
					};
				};
			};
			buildConfigurationList = 4AA87BE2257D40D500027348 /* Build configuration list for PBXProject "CardMate" */;
			compatibilityVersion = "Xcode 9.3";
			developmentRegion = en;
			hasScannedForEncodings = 0;
			knownRegions = (
				en,
				Base,
			);
			mainGroup = 4AA87BDE257D40D500027348;
			productRefGroup = 4AA87BE8257D40D500027348 /* Products */;
			projectDirPath = "";
			projectRoot = "";
			targets = (
				4AA87BE6257D40D500027348 /* CardMate */,
			);
		};
/* End PBXProject section */

/* Begin PBXResourcesBuildPhase section */
		4AA87BE5257D40D500027348 /* Resources */ = {
			isa = PBXResourcesBuildPhase;
			buildActionMask = 2147483647;
			files = (
				4AA87BF2257D40D600027348 /* Preview Assets.xcassets in Resources */,
				4AA87BEF257D40D600027348 /* Assets.xcassets in Resources */,
			);
			runOnlyForDeploymentPostprocessing = 0;
		};
/* End PBXResourcesBuildPhase section */

/* Begin PBXSourcesBuildPhase section */
		4AA87BE3257D40D500027348 /* Sources */ = {
			isa = PBXSourcesBuildPhase;
			buildActionMask = 2147483647;
			files = (
				4AA5D1F3257EC7A000D69F8F /* SettingsView.swift in Sources */,
				4AA87BED257D40D500027348 /* ContentView.swift in Sources */,
				4AA87BFB257D463300027348 /* WelcomeView.swift in Sources */,
				4AA87BEB257D40D500027348 /* CardMateApp.swift in Sources */,
				4AA87C01257D90E400027348 /* NewSetView.swift in Sources */,
				4AA87BFE257D645C00027348 /* Cards.swift in Sources */,
				4ABD28A3257DD89600915D2B /* OpenSetView.swift in Sources */,
				4A87CA88257FE40D00E5231B /* LearnView.swift in Sources */,
			);
			runOnlyForDeploymentPostprocessing = 0;
		};
/* End PBXSourcesBuildPhase section */

/* Begin XCBuildConfiguration section */
		4AA87BF4257D40D600027348 /* Debug */ = {
			isa = XCBuildConfiguration;
			buildSettings = {
				ALWAYS_SEARCH_USER_PATHS = NO;
				CLANG_ANALYZER_NONNULL = YES;
				CLANG_ANALYZER_NUMBER_OBJECT_CONVERSION = YES_AGGRESSIVE;
				CLANG_CXX_LANGUAGE_STANDARD = "gnu++14";
				CLANG_CXX_LIBRARY = "libc++";
				CLANG_ENABLE_MODULES = YES;
				CLANG_ENABLE_OBJC_ARC = YES;
				CLANG_ENABLE_OBJC_WEAK = YES;
				CLANG_WARN_BLOCK_CAPTURE_AUTORELEASING = YES;
				CLANG_WARN_BOOL_CONVERSION = YES;
				CLANG_WARN_COMMA = YES;
				CLANG_WARN_CONSTANT_CONVERSION = YES;
				CLANG_WARN_DEPRECATED_OBJC_IMPLEMENTATIONS = YES;
				CLANG_WARN_DIRECT_OBJC_ISA_USAGE = YES_ERROR;
				CLANG_WARN_DOCUMENTATION_COMMENTS = YES;
				CLANG_WARN_EMPTY_BODY = YES;
				CLANG_WARN_ENUM_CONVERSION = YES;
				CLANG_WARN_INFINITE_RECURSION = YES;
				CLANG_WARN_INT_CONVERSION = YES;
				CLANG_WARN_NON_LITERAL_NULL_CONVERSION = YES;
				CLANG_WARN_OBJC_IMPLICIT_RETAIN_SELF = YES;
				CLANG_WARN_OBJC_LITERAL_CONVERSION = YES;
				CLANG_WARN_OBJC_ROOT_CLASS = YES_ERROR;
				CLANG_WARN_QUOTED_INCLUDE_IN_FRAMEWORK_HEADER = YES;
				CLANG_WARN_RANGE_LOOP_ANALYSIS = YES;
				CLANG_WARN_STRICT_PROTOTYPES = YES;
				CLANG_WARN_SUSPICIOUS_MOVE = YES;
				CLANG_WARN_UNGUARDED_AVAILABILITY = YES_AGGRESSIVE;
				CLANG_WARN_UNREACHABLE_CODE = YES;
				CLANG_WARN__DUPLICATE_METHOD_MATCH = YES;
				COPY_PHASE_STRIP = NO;
				DEBUG_INFORMATION_FORMAT = dwarf;
				ENABLE_STRICT_OBJC_MSGSEND = YES;
				ENABLE_TESTABILITY = YES;
				GCC_C_LANGUAGE_STANDARD = gnu11;
				GCC_DYNAMIC_NO_PIC = NO;
				GCC_NO_COMMON_BLOCKS = YES;
				GCC_OPTIMIZATION_LEVEL = 0;
				GCC_PREPROCESSOR_DEFINITIONS = (
					"DEBUG=1",
					"$(inherited)",
				);
				GCC_WARN_64_TO_32_BIT_CONVERSION = YES;
				GCC_WARN_ABOUT_RETURN_TYPE = YES_ERROR;
				GCC_WARN_UNDECLARED_SELECTOR = YES;
				GCC_WARN_UNINITIALIZED_AUTOS = YES_AGGRESSIVE;
				GCC_WARN_UNUSED_FUNCTION = YES;
				GCC_WARN_UNUSED_VARIABLE = YES;
				IPHONEOS_DEPLOYMENT_TARGET = 14.2;
				MTL_ENABLE_DEBUG_INFO = INCLUDE_SOURCE;
				MTL_FAST_MATH = YES;
				ONLY_ACTIVE_ARCH = YES;
				SDKROOT = iphoneos;
				SWIFT_ACTIVE_COMPILATION_CONDITIONS = DEBUG;
				SWIFT_OPTIMIZATION_LEVEL = "-Onone";
			};
			name = Debug;
		};
		4AA87BF5257D40D600027348 /* Release */ = {
			isa = XCBuildConfiguration;
			buildSettings = {
				ALWAYS_SEARCH_USER_PATHS = NO;
				CLANG_ANALYZER_NONNULL = YES;
				CLANG_ANALYZER_NUMBER_OBJECT_CONVERSION = YES_AGGRESSIVE;
				CLANG_CXX_LANGUAGE_STANDARD = "gnu++14";
				CLANG_CXX_LIBRARY = "libc++";
				CLANG_ENABLE_MODULES = YES;
				CLANG_ENABLE_OBJC_ARC = YES;
				CLANG_ENABLE_OBJC_WEAK = YES;
				CLANG_WARN_BLOCK_CAPTURE_AUTORELEASING = YES;
				CLANG_WARN_BOOL_CONVERSION = YES;
				CLANG_WARN_COMMA = YES;
				CLANG_WARN_CONSTANT_CONVERSION = YES;
				CLANG_WARN_DEPRECATED_OBJC_IMPLEMENTATIONS = YES;
				CLANG_WARN_DIRECT_OBJC_ISA_USAGE = YES_ERROR;
				CLANG_WARN_DOCUMENTATION_COMMENTS = YES;
				CLANG_WARN_EMPTY_BODY = YES;
				CLANG_WARN_ENUM_CONVERSION = YES;
				CLANG_WARN_INFINITE_RECURSION = YES;
				CLANG_WARN_INT_CONVERSION = YES;
				CLANG_WARN_NON_LITERAL_NULL_CONVERSION = YES;
				CLANG_WARN_OBJC_IMPLICIT_RETAIN_SELF = YES;
				CLANG_WARN_OBJC_LITERAL_CONVERSION = YES;
				CLANG_WARN_OBJC_ROOT_CLASS = YES_ERROR;
				CLANG_WARN_QUOTED_INCLUDE_IN_FRAMEWORK_HEADER = YES;
				CLANG_WARN_RANGE_LOOP_ANALYSIS = YES;
				CLANG_WARN_STRICT_PROTOTYPES = YES;
				CLANG_WARN_SUSPICIOUS_MOVE = YES;
				CLANG_WARN_UNGUARDED_AVAILABILITY = YES_AGGRESSIVE;
				CLANG_WARN_UNREACHABLE_CODE = YES;
				CLANG_WARN__DUPLICATE_METHOD_MATCH = YES;
				COPY_PHASE_STRIP = NO;
				DEBUG_INFORMATION_FORMAT = "dwarf-with-dsym";
				ENABLE_NS_ASSERTIONS = NO;
				ENABLE_STRICT_OBJC_MSGSEND = YES;
				GCC_C_LANGUAGE_STANDARD = gnu11;
				GCC_NO_COMMON_BLOCKS = YES;
				GCC_WARN_64_TO_32_BIT_CONVERSION = YES;
				GCC_WARN_ABOUT_RETURN_TYPE = YES_ERROR;
				GCC_WARN_UNDECLARED_SELECTOR = YES;
				GCC_WARN_UNINITIALIZED_AUTOS = YES_AGGRESSIVE;
				GCC_WARN_UNUSED_FUNCTION = YES;
				GCC_WARN_UNUSED_VARIABLE = YES;
				IPHONEOS_DEPLOYMENT_TARGET = 14.2;
				MTL_ENABLE_DEBUG_INFO = NO;
				MTL_FAST_MATH = YES;
				SDKROOT = iphoneos;
				SWIFT_COMPILATION_MODE = wholemodule;
				SWIFT_OPTIMIZATION_LEVEL = "-O";
				VALIDATE_PRODUCT = YES;
			};
			name = Release;
		};
		4AA87BF7257D40D600027348 /* Debug */ = {
			isa = XCBuildConfiguration;
			buildSettings = {
				ASSETCATALOG_COMPILER_APPICON_NAME = AppIcon;
				ASSETCATALOG_COMPILER_GLOBAL_ACCENT_COLOR_NAME = AccentColor;
				CODE_SIGN_STYLE = Automatic;
				DEVELOPMENT_ASSET_PATHS = "\"CardMate/Preview Content\"";
				DEVELOPMENT_TEAM = HD8H84B8QN;
				ENABLE_PREVIEWS = YES;
				INFOPLIST_FILE = CardMate/Info.plist;
				IPHONEOS_DEPLOYMENT_TARGET = 14.0;
				LD_RUNPATH_SEARCH_PATHS = (
					"$(inherited)",
					"@executable_path/Frameworks",
				);
				PRODUCT_BUNDLE_IDENTIFIER = com.jvaglivelo.CardMate;
				PRODUCT_NAME = "$(TARGET_NAME)";
				SWIFT_VERSION = 5.0;
				TARGETED_DEVICE_FAMILY = "1,2";
			};
			name = Debug;
		};
		4AA87BF8257D40D600027348 /* Release */ = {
			isa = XCBuildConfiguration;
			buildSettings = {
				ASSETCATALOG_COMPILER_APPICON_NAME = AppIcon;
				ASSETCATALOG_COMPILER_GLOBAL_ACCENT_COLOR_NAME = AccentColor;
				CODE_SIGN_STYLE = Automatic;
				DEVELOPMENT_ASSET_PATHS = "\"CardMate/Preview Content\"";
				DEVELOPMENT_TEAM = HD8H84B8QN;
				ENABLE_PREVIEWS = YES;
				INFOPLIST_FILE = CardMate/Info.plist;
				IPHONEOS_DEPLOYMENT_TARGET = 14.0;
				LD_RUNPATH_SEARCH_PATHS = (
					"$(inherited)",
					"@executable_path/Frameworks",
				);
				PRODUCT_BUNDLE_IDENTIFIER = com.jvaglivelo.CardMate;
				PRODUCT_NAME = "$(TARGET_NAME)";
				SWIFT_VERSION = 5.0;
				TARGETED_DEVICE_FAMILY = "1,2";
			};
			name = Release;
		};
/* End XCBuildConfiguration section */

/* Begin XCConfigurationList section */
		4AA87BE2257D40D500027348 /* Build configuration list for PBXProject "CardMate" */ = {
			isa = XCConfigurationList;
			buildConfigurations = (
				4AA87BF4257D40D600027348 /* Debug */,
				4AA87BF5257D40D600027348 /* Release */,
			);
			defaultConfigurationIsVisible = 0;
			defaultConfigurationName = Release;
		};
		4AA87BF6257D40D600027348 /* Build configuration list for PBXNativeTarget "CardMate" */ = {
			isa = XCConfigurationList;
			buildConfigurations = (
				4AA87BF7257D40D600027348 /* Debug */,
				4AA87BF8257D40D600027348 /* Release */,
			);
			defaultConfigurationIsVisible = 0;
			defaultConfigurationName = Release;
		};
/* End XCConfigurationList section */
	};
	rootObject = 4AA87BDF257D40D500027348 /* Project object */;
}
